
Microsoft Visual Studio Solution File, Format Version 12.00
# Visual Studio 2013
VisualStudioVersion = 12.0.21005.1
MinimumVisualStudioVersion = 10.0.40219.1
Project("{FAE04EC0-301F-11D3-BF4B-00C04F79EFBC}") = "Accident Geo-Watch", "Aciident Geo-Watch\Accident Geo-Watch.csproj", "{78B3EC60-5793-48C1-995A-4B2CA6592BC3}"
EndProject
Global
	GlobalSection(SolutionConfigurationPlatforms) = preSolution
		Debug|Any CPU = Debug|Any CPU
		Release|Any CPU = Release|Any CPU
	EndGlobalSection
	GlobalSection(ProjectConfigurationPlatforms) = postSolution
		{78B3EC60-5793-48C1-995A-4B2CA6592BC3}.Debug|Any CPU.ActiveCfg = Debug|Any CPU
		{78B3EC60-5793-48C1-995A-4B2CA6592BC3}.Debug|Any CPU.Build.0 = Debug|Any CPU
		{78B3EC60-5793-48C1-995A-4B2CA6592BC3}.Release|Any CPU.ActiveCfg = Release|Any CPU
		{78B3EC60-5793-48C1-995A-4B2CA6592BC3}.Release|Any CPU.Build.0 = Release|Any CPU
	EndGlobalSection
	GlobalSection(SolutionProperties) = preSolution
		HideSolutionNode = FALSE
	EndGlobalSection
EndGlobal
